
Microsoft Visual Studio Solution File, Format Version 12.00
# Visual Studio Version 17
VisualStudioVersion = 17.6.33815.320
MinimumVisualStudioVersion = 10.0.40219.1
Project("{8BC9CEB8-8B4A-11D0-8D11-00A0C91BC942}") = "CallistoEngine", "CallistoEngine\CallistoEngine.vcxproj", "{5DA90770-4043-4BEB-9655-33991BDD77E1}"
EndProject
Project("{8BC9CEB8-8B4A-11D0-8D11-00A0C91BC942}") = "ShooterGame", "ShooterGame\ShooterGame.vcxproj", "{B0D549E6-DB76-48D0-B377-43996DC9E265}"
	ProjectSection(ProjectDependencies) = postProject
		{5DA90770-4043-4BEB-9655-33991BDD77E1} = {5DA90770-4043-4BEB-9655-33991BDD77E1}
	EndProjectSection
EndProject
Global
	GlobalSection(SolutionConfigurationPlatforms) = preSolution
		Debug|x64 = Debug|x64
		Debug|x86 = Debug|x86
		DirectX - debug|x64 = DirectX - debug|x64
		DirectX - debug|x86 = DirectX - debug|x86
		OpenGL - debug|x64 = OpenGL - debug|x64
		OpenGL - debug|x86 = OpenGL - debug|x86
		Release|x64 = Release|x64
		Release|x86 = Release|x86
	EndGlobalSection
	GlobalSection(ProjectConfigurationPlatforms) = postSolution
		{5DA90770-4043-4BEB-9655-33991BDD77E1}.Debug|x64.ActiveCfg = Debug|x64
		{5DA90770-4043-4BEB-9655-33991BDD77E1}.Debug|x64.Build.0 = Debug|x64
		{5DA90770-4043-4BEB-9655-33991BDD77E1}.Debug|x86.ActiveCfg = Debug|Win32
		{5DA90770-4043-4BEB-9655-33991BDD77E1}.Debug|x86.Build.0 = Debug|Win32
		{5DA90770-4043-4BEB-9655-33991BDD77E1}.DirectX - debug|x64.ActiveCfg = DirectX|x64
		{5DA90770-4043-4BEB-9655-33991BDD77E1}.DirectX - debug|x64.Build.0 = DirectX|x64
		{5DA90770-4043-4BEB-9655-33991BDD77E1}.DirectX - debug|x86.ActiveCfg = DirectX|Win32
		{5DA90770-4043-4BEB-9655-33991BDD77E1}.DirectX - debug|x86.Build.0 = DirectX|Win32
		{5DA90770-4043-4BEB-9655-33991BDD77E1}.OpenGL - debug|x64.ActiveCfg = OpenGL - debug|x64
		{5DA90770-4043-4BEB-9655-33991BDD77E1}.OpenGL - debug|x64.Build.0 = OpenGL - debug|x64
		{5DA90770-4043-4BEB-9655-33991BDD77E1}.OpenGL - debug|x86.ActiveCfg = OpenGL - debug|Win32
		{5DA90770-4043-4BEB-9655-33991BDD77E1}.OpenGL - debug|x86.Build.0 = OpenGL - debug|Win32
		{5DA90770-4043-4BEB-9655-33991BDD77E1}.Release|x64.ActiveCfg = OpenGL - release|x64
		{5DA90770-4043-4BEB-9655-33991BDD77E1}.Release|x64.Build.0 = OpenGL - release|x64
		{5DA90770-4043-4BEB-9655-33991BDD77E1}.Release|x86.ActiveCfg = Release|Win32
		{5DA90770-4043-4BEB-9655-33991BDD77E1}.Release|x86.Build.0 = Release|Win32
		{B0D549E6-DB76-48D0-B377-43996DC9E265}.Debug|x64.ActiveCfg = Debug|x64
		{B0D549E6-DB76-48D0-B377-43996DC9E265}.Debug|x64.Build.0 = Debug|x64
		{B0D549E6-DB76-48D0-B377-43996DC9E265}.Debug|x86.ActiveCfg = Debug|Win32
		{B0D549E6-DB76-48D0-B377-43996DC9E265}.Debug|x86.Build.0 = Debug|Win32
		{B0D549E6-DB76-48D0-B377-43996DC9E265}.DirectX - debug|x64.ActiveCfg = Debug|x64
		{B0D549E6-DB76-48D0-B377-43996DC9E265}.DirectX - debug|x64.Build.0 = Debug|x64
		{B0D549E6-DB76-48D0-B377-43996DC9E265}.DirectX - debug|x86.ActiveCfg = Debug|Win32
		{B0D549E6-DB76-48D0-B377-43996DC9E265}.DirectX - debug|x86.Build.0 = Debug|Win32
		{B0D549E6-DB76-48D0-B377-43996DC9E265}.OpenGL - debug|x64.ActiveCfg = Debug|x64
		{B0D549E6-DB76-48D0-B377-43996DC9E265}.OpenGL - debug|x64.Build.0 = Debug|x64
		{B0D549E6-DB76-48D0-B377-43996DC9E265}.OpenGL - debug|x86.ActiveCfg = Debug|Win32
		{B0D549E6-DB76-48D0-B377-43996DC9E265}.OpenGL - debug|x86.Build.0 = Debug|Win32
		{B0D549E6-DB76-48D0-B377-43996DC9E265}.Release|x64.ActiveCfg = OpenGL - release|x64
		{B0D549E6-DB76-48D0-B377-43996DC9E265}.Release|x64.Build.0 = OpenGL - release|x64
		{B0D549E6-DB76-48D0-B377-43996DC9E265}.Release|x86.ActiveCfg = Release|Win32
		{B0D549E6-DB76-48D0-B377-43996DC9E265}.Release|x86.Build.0 = Release|Win32
	EndGlobalSection
	GlobalSection(SolutionProperties) = preSolution
		HideSolutionNode = FALSE
	EndGlobalSection
	GlobalSection(ExtensibilityGlobals) = postSolution
		SolutionGuid = {99537130-4A54-4CA9-9AEA-F7C929CBD544}
	EndGlobalSection
EndGlobal
