<?xml version="1.0" encoding="utf-8"?>
<Project ToolsVersion="4.0" xmlns="http://schemas.microsoft.com/developer/msbuild/2003">
  <ItemGroup>
    <Filter Include="Source Files">
      <UniqueIdentifier>{4FC737F1-C7A5-4376-A066-2A32D752A2FF}</UniqueIdentifier>
      <Extensions>cpp;c;cc;cxx;c++;cppm;ixx;def;odl;idl;hpj;bat;asm;asmx</Extensions>
    </Filter>
    <Filter Include="Header Files">
      <UniqueIdentifier>{93995380-89BD-4b04-88EB-625FBE52EBFB}</UniqueIdentifier>
      <Extensions>h;hh;hpp;hxx;h++;hm;inl;inc;ipp;xsd</Extensions>
    </Filter>
    <Filter Include="Resource Files">
      <UniqueIdentifier>{67DA6AB6-F800-4c08-8B7A-83BB121AAD01}</UniqueIdentifier>
      <Extensions>rc;ico;cur;bmp;dlg;rc2;rct;bin;rgs;gif;jpg;jpeg;jpe;resx;tiff;tif;png;wav;mfcribbon-ms</Extensions>
    </Filter>
    <Filter Include="Source Files\imgui">
      <UniqueIdentifier>{d27965e1-4265-4c2d-9372-13a9e6c80143}</UniqueIdentifier>
    </Filter>
    <Filter Include="Header Files\imgui">
      <UniqueIdentifier>{2485dbcc-3eb8-4c61-be0a-c9842c402992}</UniqueIdentifier>
    </Filter>
    <Filter Include="Shaders">
      <UniqueIdentifier>{687ca76a-0e60-4d69-afdf-7c17c599044e}</UniqueIdentifier>
    </Filter>
    <Filter Include="Engine">
      <UniqueIdentifier>{155cf821-7a85-4c32-bf4c-ed4e6e2d763b}</UniqueIdentifier>
    </Filter>
    <Filter Include="Engine\Window">
      <UniqueIdentifier>{50ba4357-9df1-49a1-a220-319459178e22}</UniqueIdentifier>
    </Filter>
    <Filter Include="Engine\Shaders">
      <UniqueIdentifier>{286db044-f7ed-4c10-9193-9e4b6d16b78d}</UniqueIdentifier>
    </Filter>
    <Filter Include="Engine\Shaders\GL">
      <UniqueIdentifier>{e7cb13bd-567c-4de0-8b2a-e8a646311912}</UniqueIdentifier>
    </Filter>
    <Filter Include="Managers">
      <UniqueIdentifier>{cdc2eb00-4f1c-422a-849b-c6ee3734267e}</UniqueIdentifier>
    </Filter>
  </ItemGroup>
  <ItemGroup>
    <ClCompile Include="SceneManager.cpp">
      <Filter>Engine\Window</Filter>
    </ClCompile>
    <ClCompile Include="Window.cpp">
      <Filter>Engine\Window</Filter>
    </ClCompile>
    <ClCompile Include="Game.cpp">
      <Filter>Engine</Filter>
    </ClCompile>
    <ClCompile Include="Renderer.cpp">
      <Filter>Engine</Filter>
    </ClCompile>
    <ClCompile Include="Window_GL.cpp">
      <Filter>Engine\Window</Filter>
    </ClCompile>
    <ClCompile Include="Renderer_GL.cpp">
      <Filter>Engine</Filter>
    </ClCompile>
    <ClCompile Include="glad.c">
      <Filter>Source Files</Filter>
    </ClCompile>
    <ClCompile Include="Components\Entity.cpp">
      <Filter>Source Files</Filter>
    </ClCompile>
    <ClCompile Include="Components\IComponent.cpp">
      <Filter>Source Files</Filter>
    </ClCompile>
    <ClCompile Include="Components\ComponentModel.cpp">
      <Filter>Source Files</Filter>
    </ClCompile>
    <ClCompile Include="Mesh.cpp">
      <Filter>Source Files</Filter>
    </ClCompile>
    <ClCompile Include="VBO.cpp">
      <Filter>Source Files</Filter>
    </ClCompile>
    <ClCompile Include="VBO_GL.cpp">
      <Filter>Source Files</Filter>
    </ClCompile>
    <ClCompile Include="Components\ComponentShader.cpp">
      <Filter>Source Files</Filter>
    </ClCompile>
    <ClCompile Include="Objects\ShaderObject.cpp">
      <Filter>Source Files</Filter>
    </ClCompile>
    <ClCompile Include="Objects\ShaderObject_GL.cpp">
      <Filter>Source Files</Filter>
    </ClCompile>
    <ClCompile Include="Managers\ResourceManager.cpp">
      <Filter>Source Files</Filter>
    </ClCompile>
    <ClCompile Include="stb_image.cpp">
      <Filter>Source Files</Filter>
    </ClCompile>
    <ClCompile Include="Material.cpp">
      <Filter>Source Files</Filter>
    </ClCompile>
    <ClCompile Include="Components\ComponentTransform.cpp">
      <Filter>Source Files</Filter>
    </ClCompile>
    <ClCompile Include="Systems\SystemRender.cpp">
      <Filter>Source Files</Filter>
    </ClCompile>
    <ClCompile Include="Systems\ISystem.cpp">
      <Filter>Source Files</Filter>
    </ClCompile>
    <ClCompile Include="Camera.cpp">
      <Filter>Source Files</Filter>
    </ClCompile>
    <ClCompile Include="Scene.cpp">
      <Filter>Source Files</Filter>
    </ClCompile>
    <ClCompile Include="System.cpp">
      <Filter>Source Files</Filter>
    </ClCompile>
    <ClCompile Include="Components\ComponentRigidBody.cpp">
      <Filter>Source Files</Filter>
    </ClCompile>
    <ClCompile Include="Managers\PhysicsManager.cpp">
      <Filter>Source Files</Filter>
    </ClCompile>
    <ClCompile Include="Components\ComponentCollider.cpp">
      <Filter>Source Files</Filter>
    </ClCompile>
    <ClCompile Include="Managers\AudioManager.cpp">
      <Filter>Source Files</Filter>
    </ClCompile>
  </ItemGroup>
  <ItemGroup>
    <ClInclude Include="SceneManager.h">
      <Filter>Engine\Window</Filter>
    </ClInclude>
    <ClInclude Include="Window.h">
      <Filter>Engine\Window</Filter>
    </ClInclude>
    <ClInclude Include="Game.h">
      <Filter>Engine</Filter>
    </ClInclude>
    <ClInclude Include="Renderer.h">
      <Filter>Engine</Filter>
    </ClInclude>
    <ClInclude Include="Window_GL.h">
      <Filter>Engine\Window</Filter>
    </ClInclude>
    <ClInclude Include="Renderer_GL.h">
      <Filter>Engine</Filter>
    </ClInclude>
    <ClInclude Include="Dependencies\glad\glad.h">
      <Filter>Header Files</Filter>
    </ClInclude>
    <ClInclude Include="Dependencies\inc\glad\glad.h">
      <Filter>Header Files</Filter>
    </ClInclude>
    <ClInclude Include="Dependencies\inc\GLFW\glfw3.h">
      <Filter>Header Files</Filter>
    </ClInclude>
    <ClInclude Include="Dependencies\inc\GLFW\glfw3native.h">
      <Filter>Header Files</Filter>
    </ClInclude>
    <ClInclude Include="Dependencies\inc\GLM\core\_detail.hpp">
      <Filter>Header Files</Filter>
    </ClInclude>
    <ClInclude Include="Dependencies\inc\GLM\core\_fixes.hpp">
      <Filter>Header Files</Filter>
    </ClInclude>
    <ClInclude Include="Dependencies\inc\GLM\core\_swizzle.hpp">
      <Filter>Header Files</Filter>
    </ClInclude>
    <ClInclude Include="Dependencies\inc\GLM\core\_swizzle_func.hpp">
      <Filter>Header Files</Filter>
    </ClInclude>
    <ClInclude Include="Dependencies\inc\GLM\core\_vectorize.hpp">
      <Filter>Header Files</Filter>
    </ClInclude>
    <ClInclude Include="Dependencies\inc\GLM\core\func_common.hpp">
      <Filter>Header Files</Filter>
    </ClInclude>
    <ClInclude Include="Dependencies\inc\GLM\core\func_exponential.hpp">
      <Filter>Header Files</Filter>
    </ClInclude>
    <ClInclude Include="Dependencies\inc\GLM\core\func_geometric.hpp">
      <Filter>Header Files</Filter>
    </ClInclude>
    <ClInclude Include="Dependencies\inc\GLM\core\func_integer.hpp">
      <Filter>Header Files</Filter>
    </ClInclude>
    <ClInclude Include="Dependencies\inc\GLM\core\func_matrix.hpp">
      <Filter>Header Files</Filter>
    </ClInclude>
    <ClInclude Include="Dependencies\inc\GLM\core\func_noise.hpp">
      <Filter>Header Files</Filter>
    </ClInclude>
    <ClInclude Include="Dependencies\inc\GLM\core\func_packing.hpp">
      <Filter>Header Files</Filter>
    </ClInclude>
    <ClInclude Include="Dependencies\inc\GLM\core\func_trigonometric.hpp">
      <Filter>Header Files</Filter>
    </ClInclude>
    <ClInclude Include="Dependencies\inc\GLM\core\func_vector_relational.hpp">
      <Filter>Header Files</Filter>
    </ClInclude>
    <ClInclude Include="Dependencies\inc\GLM\core\hint.hpp">
      <Filter>Header Files</Filter>
    </ClInclude>
    <ClInclude Include="Dependencies\inc\GLM\core\intrinsic_common.hpp">
      <Filter>Header Files</Filter>
    </ClInclude>
    <ClInclude Include="Dependencies\inc\GLM\core\intrinsic_exponential.hpp">
      <Filter>Header Files</Filter>
    </ClInclude>
    <ClInclude Include="Dependencies\inc\GLM\core\intrinsic_geometric.hpp">
      <Filter>Header Files</Filter>
    </ClInclude>
    <ClInclude Include="Dependencies\inc\GLM\core\intrinsic_matrix.hpp">
      <Filter>Header Files</Filter>
    </ClInclude>
    <ClInclude Include="Dependencies\inc\GLM\core\intrinsic_trigonometric.hpp">
      <Filter>Header Files</Filter>
    </ClInclude>
    <ClInclude Include="Dependencies\inc\GLM\core\intrinsic_vector_relational.hpp">
      <Filter>Header Files</Filter>
    </ClInclude>
    <ClInclude Include="Dependencies\inc\GLM\core\setup.hpp">
      <Filter>Header Files</Filter>
    </ClInclude>
    <ClInclude Include="Dependencies\inc\GLM\core\type.hpp">
      <Filter>Header Files</Filter>
    </ClInclude>
    <ClInclude Include="Dependencies\inc\GLM\core\type_float.hpp">
      <Filter>Header Files</Filter>
    </ClInclude>
    <ClInclude Include="Dependencies\inc\GLM\core\type_gentype.hpp">
      <Filter>Header Files</Filter>
    </ClInclude>
    <ClInclude Include="Dependencies\inc\GLM\core\type_half.hpp">
      <Filter>Header Files</Filter>
    </ClInclude>
    <ClInclude Include="Dependencies\inc\GLM\core\type_int.hpp">
      <Filter>Header Files</Filter>
    </ClInclude>
    <ClInclude Include="Dependencies\inc\GLM\core\type_mat.hpp">
      <Filter>Header Files</Filter>
    </ClInclude>
    <ClInclude Include="Dependencies\inc\GLM\core\type_mat2x2.hpp">
      <Filter>Header Files</Filter>
    </ClInclude>
    <ClInclude Include="Dependencies\inc\GLM\core\type_mat2x3.hpp">
      <Filter>Header Files</Filter>
    </ClInclude>
    <ClInclude Include="Dependencies\inc\GLM\core\type_mat2x4.hpp">
      <Filter>Header Files</Filter>
    </ClInclude>
    <ClInclude Include="Dependencies\inc\GLM\core\type_mat3x2.hpp">
      <Filter>Header Files</Filter>
    </ClInclude>
    <ClInclude Include="Dependencies\inc\GLM\core\type_mat3x3.hpp">
      <Filter>Header Files</Filter>
    </ClInclude>
    <ClInclude Include="Dependencies\inc\GLM\core\type_mat3x4.hpp">
      <Filter>Header Files</Filter>
    </ClInclude>
    <ClInclude Include="Dependencies\inc\GLM\core\type_mat4x2.hpp">
      <Filter>Header Files</Filter>
    </ClInclude>
    <ClInclude Include="Dependencies\inc\GLM\core\type_mat4x3.hpp">
      <Filter>Header Files</Filter>
    </ClInclude>
    <ClInclude Include="Dependencies\inc\GLM\core\type_mat4x4.hpp">
      <Filter>Header Files</Filter>
    </ClInclude>
    <ClInclude Include="Dependencies\inc\GLM\core\type_size.hpp">
      <Filter>Header Files</Filter>
    </ClInclude>
    <ClInclude Include="Dependencies\inc\GLM\core\type_vec.hpp">
      <Filter>Header Files</Filter>
    </ClInclude>
    <ClInclude Include="Dependencies\inc\GLM\core\type_vec1.hpp">
      <Filter>Header Files</Filter>
    </ClInclude>
    <ClInclude Include="Dependencies\inc\GLM\core\type_vec2.hpp">
      <Filter>Header Files</Filter>
    </ClInclude>
    <ClInclude Include="Dependencies\inc\GLM\core\type_vec3.hpp">
      <Filter>Header Files</Filter>
    </ClInclude>
    <ClInclude Include="Dependencies\inc\GLM\core\type_vec4.hpp">
      <Filter>Header Files</Filter>
    </ClInclude>
    <ClInclude Include="Dependencies\inc\GLM\gtc\half_float.hpp">
      <Filter>Header Files</Filter>
    </ClInclude>
    <ClInclude Include="Dependencies\inc\GLM\gtc\matrix_access.hpp">
      <Filter>Header Files</Filter>
    </ClInclude>
    <ClInclude Include="Dependencies\inc\GLM\gtc\matrix_integer.hpp">
      <Filter>Header Files</Filter>
    </ClInclude>
    <ClInclude Include="Dependencies\inc\GLM\gtc\matrix_inverse.hpp">
      <Filter>Header Files</Filter>
    </ClInclude>
    <ClInclude Include="Dependencies\inc\GLM\gtc\matrix_transform.hpp">
      <Filter>Header Files</Filter>
    </ClInclude>
    <ClInclude Include="Dependencies\inc\GLM\gtc\noise.hpp">
      <Filter>Header Files</Filter>
    </ClInclude>
    <ClInclude Include="Dependencies\inc\GLM\gtc\quaternion.hpp">
      <Filter>Header Files</Filter>
    </ClInclude>
    <ClInclude Include="Dependencies\inc\GLM\gtc\random.hpp">
      <Filter>Header Files</Filter>
    </ClInclude>
    <ClInclude Include="Dependencies\inc\GLM\gtc\swizzle.hpp">
      <Filter>Header Files</Filter>
    </ClInclude>
    <ClInclude Include="Dependencies\inc\GLM\gtc\type_precision.hpp">
      <Filter>Header Files</Filter>
    </ClInclude>
    <ClInclude Include="Dependencies\inc\GLM\gtc\type_ptr.hpp">
      <Filter>Header Files</Filter>
    </ClInclude>
    <ClInclude Include="Dependencies\inc\GLM\gtx\associated_min_max.hpp">
      <Filter>Header Files</Filter>
    </ClInclude>
    <ClInclude Include="Dependencies\inc\GLM\gtx\bit.hpp">
      <Filter>Header Files</Filter>
    </ClInclude>
    <ClInclude Include="Dependencies\inc\GLM\gtx\closest_point.hpp">
      <Filter>Header Files</Filter>
    </ClInclude>
    <ClInclude Include="Dependencies\inc\GLM\gtx\color_cast.hpp">
      <Filter>Header Files</Filter>
    </ClInclude>
    <ClInclude Include="Dependencies\inc\GLM\gtx\color_space.hpp">
      <Filter>Header Files</Filter>
    </ClInclude>
    <ClInclude Include="Dependencies\inc\GLM\gtx\color_space_YCoCg.hpp">
      <Filter>Header Files</Filter>
    </ClInclude>
    <ClInclude Include="Dependencies\inc\GLM\gtx\compatibility.hpp">
      <Filter>Header Files</Filter>
    </ClInclude>
    <ClInclude Include="Dependencies\inc\GLM\gtx\component_wise.hpp">
      <Filter>Header Files</Filter>
    </ClInclude>
    <ClInclude Include="Dependencies\inc\GLM\gtx\constants.hpp">
      <Filter>Header Files</Filter>
    </ClInclude>
    <ClInclude Include="Dependencies\inc\GLM\gtx\epsilon.hpp">
      <Filter>Header Files</Filter>
    </ClInclude>
    <ClInclude Include="Dependencies\inc\GLM\gtx\euler_angles.hpp">
      <Filter>Header Files</Filter>
    </ClInclude>
    <ClInclude Include="Dependencies\inc\GLM\gtx\extend.hpp">
      <Filter>Header Files</Filter>
    </ClInclude>
    <ClInclude Include="Dependencies\inc\GLM\gtx\extented_min_max.hpp">
      <Filter>Header Files</Filter>
    </ClInclude>
    <ClInclude Include="Dependencies\inc\GLM\gtx\fast_exponential.hpp">
      <Filter>Header Files</Filter>
    </ClInclude>
    <ClInclude Include="Dependencies\inc\GLM\gtx\fast_square_root.hpp">
      <Filter>Header Files</Filter>
    </ClInclude>
    <ClInclude Include="Dependencies\inc\GLM\gtx\fast_trigonometry.hpp">
      <Filter>Header Files</Filter>
    </ClInclude>
    <ClInclude Include="Dependencies\inc\GLM\gtx\gradient_paint.hpp">
      <Filter>Header Files</Filter>
    </ClInclude>
    <ClInclude Include="Dependencies\inc\GLM\gtx\handed_coordinate_space.hpp">
      <Filter>Header Files</Filter>
    </ClInclude>
    <ClInclude Include="Dependencies\inc\GLM\gtx\inertia.hpp">
      <Filter>Header Files</Filter>
    </ClInclude>
    <ClInclude Include="Dependencies\inc\GLM\gtx\int_10_10_10_2.hpp">
      <Filter>Header Files</Filter>
    </ClInclude>
    <ClInclude Include="Dependencies\inc\GLM\gtx\integer.hpp">
      <Filter>Header Files</Filter>
    </ClInclude>
    <ClInclude Include="Dependencies\inc\GLM\gtx\intersect.hpp">
      <Filter>Header Files</Filter>
    </ClInclude>
    <ClInclude Include="Dependencies\inc\GLM\gtx\log_base.hpp">
      <Filter>Header Files</Filter>
    </ClInclude>
    <ClInclude Include="Dependencies\inc\GLM\gtx\matrix_cross_product.hpp">
      <Filter>Header Files</Filter>
    </ClInclude>
    <ClInclude Include="Dependencies\inc\GLM\gtx\matrix_interpolation.hpp">
      <Filter>Header Files</Filter>
    </ClInclude>
    <ClInclude Include="Dependencies\inc\GLM\gtx\matrix_major_storage.hpp">
      <Filter>Header Files</Filter>
    </ClInclude>
    <ClInclude Include="Dependencies\inc\GLM\gtx\matrix_operation.hpp">
      <Filter>Header Files</Filter>
    </ClInclude>
    <ClInclude Include="Dependencies\inc\GLM\gtx\matrix_query.hpp">
      <Filter>Header Files</Filter>
    </ClInclude>
    <ClInclude Include="Dependencies\inc\GLM\gtx\mixed_product.hpp">
      <Filter>Header Files</Filter>
    </ClInclude>
    <ClInclude Include="Dependencies\inc\GLM\gtx\multiple.hpp">
      <Filter>Header Files</Filter>
    </ClInclude>
    <ClInclude Include="Dependencies\inc\GLM\gtx\noise.hpp">
      <Filter>Header Files</Filter>
    </ClInclude>
    <ClInclude Include="Dependencies\inc\GLM\gtx\norm.hpp">
      <Filter>Header Files</Filter>
    </ClInclude>
    <ClInclude Include="Dependencies\inc\GLM\gtx\normal.hpp">
      <Filter>Header Files</Filter>
    </ClInclude>
    <ClInclude Include="Dependencies\inc\GLM\gtx\normalize_dot.hpp">
      <Filter>Header Files</Filter>
    </ClInclude>
    <ClInclude Include="Dependencies\inc\GLM\gtx\number_precision.hpp">
      <Filter>Header Files</Filter>
    </ClInclude>
    <ClInclude Include="Dependencies\inc\GLM\gtx\ocl_type.hpp">
      <Filter>Header Files</Filter>
    </ClInclude>
    <ClInclude Include="Dependencies\inc\GLM\gtx\optimum_pow.hpp">
      <Filter>Header Files</Filter>
    </ClInclude>
    <ClInclude Include="Dependencies\inc\GLM\gtx\orthonormalize.hpp">
      <Filter>Header Files</Filter>
    </ClInclude>
    <ClInclude Include="Dependencies\inc\GLM\gtx\perpendicular.hpp">
      <Filter>Header Files</Filter>
    </ClInclude>
    <ClInclude Include="Dependencies\inc\GLM\gtx\polar_coordinates.hpp">
      <Filter>Header Files</Filter>
    </ClInclude>
    <ClInclude Include="Dependencies\inc\GLM\gtx\projection.hpp">
      <Filter>Header Files</Filter>
    </ClInclude>
    <ClInclude Include="Dependencies\inc\GLM\gtx\quaternion.hpp">
      <Filter>Header Files</Filter>
    </ClInclude>
    <ClInclude Include="Dependencies\inc\GLM\gtx\random.hpp">
      <Filter>Header Files</Filter>
    </ClInclude>
    <ClInclude Include="Dependencies\inc\GLM\gtx\raw_data.hpp">
      <Filter>Header Files</Filter>
    </ClInclude>
    <ClInclude Include="Dependencies\inc\GLM\gtx\reciprocal.hpp">
      <Filter>Header Files</Filter>
    </ClInclude>
    <ClInclude Include="Dependencies\inc\GLM\gtx\rotate_vector.hpp">
      <Filter>Header Files</Filter>
    </ClInclude>
    <ClInclude Include="Dependencies\inc\GLM\gtx\simd_mat4.hpp">
      <Filter>Header Files</Filter>
    </ClInclude>
    <ClInclude Include="Dependencies\inc\GLM\gtx\simd_vec4.hpp">
      <Filter>Header Files</Filter>
    </ClInclude>
    <ClInclude Include="Dependencies\inc\GLM\gtx\spline.hpp">
      <Filter>Header Files</Filter>
    </ClInclude>
    <ClInclude Include="Dependencies\inc\GLM\gtx\std_based_type.hpp">
      <Filter>Header Files</Filter>
    </ClInclude>
    <ClInclude Include="Dependencies\inc\GLM\gtx\string_cast.hpp">
      <Filter>Header Files</Filter>
    </ClInclude>
    <ClInclude Include="Dependencies\inc\GLM\gtx\transform.hpp">
      <Filter>Header Files</Filter>
    </ClInclude>
    <ClInclude Include="Dependencies\inc\GLM\gtx\transform2.hpp">
      <Filter>Header Files</Filter>
    </ClInclude>
    <ClInclude Include="Dependencies\inc\GLM\gtx\ulp.hpp">
      <Filter>Header Files</Filter>
    </ClInclude>
    <ClInclude Include="Dependencies\inc\GLM\gtx\unsigned_int.hpp">
      <Filter>Header Files</Filter>
    </ClInclude>
    <ClInclude Include="Dependencies\inc\GLM\gtx\vec1.hpp">
      <Filter>Header Files</Filter>
    </ClInclude>
    <ClInclude Include="Dependencies\inc\GLM\gtx\vector_access.hpp">
      <Filter>Header Files</Filter>
    </ClInclude>
    <ClInclude Include="Dependencies\inc\GLM\gtx\vector_angle.hpp">
      <Filter>Header Files</Filter>
    </ClInclude>
    <ClInclude Include="Dependencies\inc\GLM\gtx\vector_query.hpp">
      <Filter>Header Files</Filter>
    </ClInclude>
    <ClInclude Include="Dependencies\inc\GLM\gtx\verbose_operator.hpp">
      <Filter>Header Files</Filter>
    </ClInclude>
    <ClInclude Include="Dependencies\inc\GLM\gtx\wrap.hpp">
      <Filter>Header Files</Filter>
    </ClInclude>
    <ClInclude Include="Dependencies\inc\GLM\virtrev\xstream.hpp">
      <Filter>Header Files</Filter>
    </ClInclude>
    <ClInclude Include="Dependencies\inc\GLM\ext.hpp">
      <Filter>Header Files</Filter>
    </ClInclude>
    <ClInclude Include="Dependencies\inc\GLM\glm.hpp">
      <Filter>Header Files</Filter>
    </ClInclude>
    <ClInclude Include="Dependencies\inc\KHR\khrplatform.h">
      <Filter>Header Files</Filter>
    </ClInclude>
    <ClInclude Include="Components\Entity.h">
      <Filter>Header Files</Filter>
    </ClInclude>
    <ClInclude Include="Components\IComponent.h">
      <Filter>Header Files</Filter>
    </ClInclude>
    <ClInclude Include="Components\ComponentModel.h">
      <Filter>Header Files</Filter>
    </ClInclude>
    <ClInclude Include="Mesh.h">
      <Filter>Header Files</Filter>
    </ClInclude>
    <ClInclude Include="VBO.h">
      <Filter>Header Files</Filter>
    </ClInclude>
    <ClInclude Include="VBO_GL.h">
      <Filter>Header Files</Filter>
    </ClInclude>
    <ClInclude Include="Vertex.h">
      <Filter>Header Files</Filter>
    </ClInclude>
    <ClInclude Include="Components\ComponentShader.h">
      <Filter>Header Files</Filter>
    </ClInclude>
    <ClInclude Include="Objects\ShaderObject.h">
      <Filter>Header Files</Filter>
    </ClInclude>
    <ClInclude Include="Objects\ShaderObject_GL.h">
      <Filter>Header Files</Filter>
    </ClInclude>
    <ClInclude Include="Managers\ResourceManager.h">
      <Filter>Header Files</Filter>
    </ClInclude>
    <ClInclude Include="Vector.h">
      <Filter>Header Files</Filter>
    </ClInclude>
    <ClInclude Include="stb_image.h">
      <Filter>Header Files</Filter>
    </ClInclude>
    <ClInclude Include="Material.h">
      <Filter>Header Files</Filter>
    </ClInclude>
    <ClInclude Include="Components\ComponentTransform.h">
      <Filter>Header Files</Filter>
    </ClInclude>
    <ClInclude Include="Systems\SystemRender.h">
      <Filter>Header Files</Filter>
    </ClInclude>
    <ClInclude Include="Systems\ISystem.h">
      <Filter>Header Files</Filter>
    </ClInclude>
    <ClInclude Include="Camera.h">
      <Filter>Header Files</Filter>
    </ClInclude>
    <ClInclude Include="Scene.h">
      <Filter>Header Files</Filter>
    </ClInclude>
    <ClInclude Include="System.h">
      <Filter>Header Files</Filter>
    </ClInclude>
    <ClInclude Include="Components\ComponentRigidBody.h">
      <Filter>Header Files</Filter>
    </ClInclude>
    <ClInclude Include="Managers\PhysicsManager.h">
      <Filter>Header Files</Filter>
    </ClInclude>
    <ClInclude Include="BulletDebugDraw.h">
      <Filter>Header Files</Filter>
    </ClInclude>
    <ClInclude Include="Components\ComponentCollider.h">
      <Filter>Header Files</Filter>
    </ClInclude>
    <ClInclude Include="Managers\AudioManager.h">
      <Filter>Header Files</Filter>
    </ClInclude>
  </ItemGroup>
  <ItemGroup>
    <None Include="x64\Debug\assimp-vc142-mt.dll" />
    <None Include="Shaders\Lighting\basicLight.frag">
      <Filter>Shaders</Filter>
    </None>
    <None Include="Shaders\Lighting\basicLight.vert">
      <Filter>Shaders</Filter>
    </None>
    <None Include="Shaders\skybox.frag">
      <Filter>Shaders</Filter>
    </None>
    <None Include="Shaders\skybox.vert">
      <Filter>Shaders</Filter>
    </None>
    <None Include="Shaders\3.1.1.debug_quad_depth.frag">
      <Filter>Shaders</Filter>
    </None>
    <None Include="Shaders\3.1.3.shadow_mapping.frag">
      <Filter>Shaders</Filter>
    </None>
    <None Include="Shaders\3.1.3.shadow_mapping.vert">
      <Filter>Shaders</Filter>
    </None>
    <None Include="Shaders\3.1.3.shadow_mapping_depth.frag">
      <Filter>Shaders</Filter>
    </None>
    <None Include="Shaders\3.1.3.shadow_mapping_depth.vert">
      <Filter>Shaders</Filter>
    </None>
    <None Include="Shaders\default.vert">
      <Filter>Engine\Shaders\GL</Filter>
    </None>
    <None Include="Shaders\default.frag">
      <Filter>Engine\Shaders\GL</Filter>
    </None>
    <None Include="Dependencies\lib\glfw3.dll" />
    <None Include="Dependencies\inc\GLM\core\func_common.inl">
      <Filter>Header Files</Filter>
    </None>
    <None Include="Dependencies\inc\GLM\core\func_exponential.inl">
      <Filter>Header Files</Filter>
    </None>
    <None Include="Dependencies\inc\GLM\core\func_geometric.inl">
      <Filter>Header Files</Filter>
    </None>
    <None Include="Dependencies\inc\GLM\core\func_integer.inl">
      <Filter>Header Files</Filter>
    </None>
    <None Include="Dependencies\inc\GLM\core\func_matrix.inl">
      <Filter>Header Files</Filter>
    </None>
    <None Include="Dependencies\inc\GLM\core\func_noise.inl">
      <Filter>Header Files</Filter>
    </None>
    <None Include="Dependencies\inc\GLM\core\func_packing.inl">
      <Filter>Header Files</Filter>
    </None>
    <None Include="Dependencies\inc\GLM\core\func_trigonometric.inl">
      <Filter>Header Files</Filter>
    </None>
    <None Include="Dependencies\inc\GLM\core\func_vector_relational.inl">
      <Filter>Header Files</Filter>
    </None>
    <None Include="Dependencies\inc\GLM\core\intrinsic_common.inl">
      <Filter>Header Files</Filter>
    </None>
    <None Include="Dependencies\inc\GLM\core\intrinsic_exponential.inl">
      <Filter>Header Files</Filter>
    </None>
    <None Include="Dependencies\inc\GLM\core\intrinsic_geometric.inl">
      <Filter>Header Files</Filter>
    </None>
    <None Include="Dependencies\inc\GLM\core\intrinsic_matrix.inl">
      <Filter>Header Files</Filter>
    </None>
    <None Include="Dependencies\inc\GLM\core\intrinsic_trigonometric.inl">
      <Filter>Header Files</Filter>
    </None>
    <None Include="Dependencies\inc\GLM\core\intrinsic_vector_relational.inl">
      <Filter>Header Files</Filter>
    </None>
    <None Include="Dependencies\inc\GLM\core\type_gentype.inl">
      <Filter>Header Files</Filter>
    </None>
    <None Include="Dependencies\inc\GLM\core\type_half.inl">
      <Filter>Header Files</Filter>
    </None>
    <None Include="Dependencies\inc\GLM\core\type_mat.inl">
      <Filter>Header Files</Filter>
    </None>
    <None Include="Dependencies\inc\GLM\core\type_mat2x2.inl">
      <Filter>Header Files</Filter>
    </None>
    <None Include="Dependencies\inc\GLM\core\type_mat2x3.inl">
      <Filter>Header Files</Filter>
    </None>
    <None Include="Dependencies\inc\GLM\core\type_mat2x4.inl">
      <Filter>Header Files</Filter>
    </None>
    <None Include="Dependencies\inc\GLM\core\type_mat3x2.inl">
      <Filter>Header Files</Filter>
    </None>
    <None Include="Dependencies\inc\GLM\core\type_mat3x3.inl">
      <Filter>Header Files</Filter>
    </None>
    <None Include="Dependencies\inc\GLM\core\type_mat3x4.inl">
      <Filter>Header Files</Filter>
    </None>
    <None Include="Dependencies\inc\GLM\core\type_mat4x2.inl">
      <Filter>Header Files</Filter>
    </None>
    <None Include="Dependencies\inc\GLM\core\type_mat4x3.inl">
      <Filter>Header Files</Filter>
    </None>
    <None Include="Dependencies\inc\GLM\core\type_mat4x4.inl">
      <Filter>Header Files</Filter>
    </None>
    <None Include="Dependencies\inc\GLM\core\type_vec.inl">
      <Filter>Header Files</Filter>
    </None>
    <None Include="Dependencies\inc\GLM\core\type_vec1.inl">
      <Filter>Header Files</Filter>
    </None>
    <None Include="Dependencies\inc\GLM\core\type_vec2.inl">
      <Filter>Header Files</Filter>
    </None>
    <None Include="Dependencies\inc\GLM\core\type_vec3.inl">
      <Filter>Header Files</Filter>
    </None>
    <None Include="Dependencies\inc\GLM\core\type_vec4.inl">
      <Filter>Header Files</Filter>
    </None>
    <None Include="Dependencies\inc\GLM\gtc\half_float.inl">
      <Filter>Header Files</Filter>
    </None>
    <None Include="Dependencies\inc\GLM\gtc\matrix_access.inl">
      <Filter>Header Files</Filter>
    </None>
    <None Include="Dependencies\inc\GLM\gtc\matrix_inverse.inl">
      <Filter>Header Files</Filter>
    </None>
    <None Include="Dependencies\inc\GLM\gtc\matrix_transform.inl">
      <Filter>Header Files</Filter>
    </None>
    <None Include="Dependencies\inc\GLM\gtc\noise.inl">
      <Filter>Header Files</Filter>
    </None>
    <None Include="Dependencies\inc\GLM\gtc\quaternion.inl">
      <Filter>Header Files</Filter>
    </None>
    <None Include="Dependencies\inc\GLM\gtc\random.inl">
      <Filter>Header Files</Filter>
    </None>
    <None Include="Dependencies\inc\GLM\gtc\swizzle.inl">
      <Filter>Header Files</Filter>
    </None>
    <None Include="Dependencies\inc\GLM\gtc\type_precision.inl">
      <Filter>Header Files</Filter>
    </None>
    <None Include="Dependencies\inc\GLM\gtc\type_ptr.inl">
      <Filter>Header Files</Filter>
    </None>
    <None Include="Dependencies\inc\GLM\gtx\associated_min_max.inl">
      <Filter>Header Files</Filter>
    </None>
    <None Include="Dependencies\inc\GLM\gtx\bit.inl">
      <Filter>Header Files</Filter>
    </None>
    <None Include="Dependencies\inc\GLM\gtx\closest_point.inl">
      <Filter>Header Files</Filter>
    </None>
    <None Include="Dependencies\inc\GLM\gtx\color_cast.inl">
      <Filter>Header Files</Filter>
    </None>
    <None Include="Dependencies\inc\GLM\gtx\color_space.inl">
      <Filter>Header Files</Filter>
    </None>
    <None Include="Dependencies\inc\GLM\gtx\color_space_YCoCg.inl">
      <Filter>Header Files</Filter>
    </None>
    <None Include="Dependencies\inc\GLM\gtx\compatibility.inl">
      <Filter>Header Files</Filter>
    </None>
    <None Include="Dependencies\inc\GLM\gtx\component_wise.inl">
      <Filter>Header Files</Filter>
    </None>
    <None Include="Dependencies\inc\GLM\gtx\constants.inl">
      <Filter>Header Files</Filter>
    </None>
    <None Include="Dependencies\inc\GLM\gtx\epsilon.inl">
      <Filter>Header Files</Filter>
    </None>
    <None Include="Dependencies\inc\GLM\gtx\euler_angles.inl">
      <Filter>Header Files</Filter>
    </None>
    <None Include="Dependencies\inc\GLM\gtx\extend.inl">
      <Filter>Header Files</Filter>
    </None>
    <None Include="Dependencies\inc\GLM\gtx\extented_min_max.inl">
      <Filter>Header Files</Filter>
    </None>
    <None Include="Dependencies\inc\GLM\gtx\fast_exponential.inl">
      <Filter>Header Files</Filter>
    </None>
    <None Include="Dependencies\inc\GLM\gtx\fast_square_root.inl">
      <Filter>Header Files</Filter>
    </None>
    <None Include="Dependencies\inc\GLM\gtx\fast_trigonometry.inl">
      <Filter>Header Files</Filter>
    </None>
    <None Include="Dependencies\inc\GLM\gtx\gradient_paint.inl">
      <Filter>Header Files</Filter>
    </None>
    <None Include="Dependencies\inc\GLM\gtx\handed_coordinate_space.inl">
      <Filter>Header Files</Filter>
    </None>
    <None Include="Dependencies\inc\GLM\gtx\inertia.inl">
      <Filter>Header Files</Filter>
    </None>
    <None Include="Dependencies\inc\GLM\gtx\int_10_10_10_2.inl">
      <Filter>Header Files</Filter>
    </None>
    <None Include="Dependencies\inc\GLM\gtx\integer.inl">
      <Filter>Header Files</Filter>
    </None>
    <None Include="Dependencies\inc\GLM\gtx\intersect.inl">
      <Filter>Header Files</Filter>
    </None>
    <None Include="Dependencies\inc\GLM\gtx\log_base.inl">
      <Filter>Header Files</Filter>
    </None>
    <None Include="Dependencies\inc\GLM\gtx\matrix_cross_product.inl">
      <Filter>Header Files</Filter>
    </None>
    <None Include="Dependencies\inc\GLM\gtx\matrix_interpolation.inl">
      <Filter>Header Files</Filter>
    </None>
    <None Include="Dependencies\inc\GLM\gtx\matrix_major_storage.inl">
      <Filter>Header Files</Filter>
    </None>
    <None Include="Dependencies\inc\GLM\gtx\matrix_operation.inl">
      <Filter>Header Files</Filter>
    </None>
    <None Include="Dependencies\inc\GLM\gtx\matrix_query.inl">
      <Filter>Header Files</Filter>
    </None>
    <None Include="Dependencies\inc\GLM\gtx\mixed_product.inl">
      <Filter>Header Files</Filter>
    </None>
    <None Include="Dependencies\inc\GLM\gtx\multiple.inl">
      <Filter>Header Files</Filter>
    </None>
    <None Include="Dependencies\inc\GLM\gtx\noise.inl">
      <Filter>Header Files</Filter>
    </None>
    <None Include="Dependencies\inc\GLM\gtx\norm.inl">
      <Filter>Header Files</Filter>
    </None>
    <None Include="Dependencies\inc\GLM\gtx\normal.inl">
      <Filter>Header Files</Filter>
    </None>
    <None Include="Dependencies\inc\GLM\gtx\normalize_dot.inl">
      <Filter>Header Files</Filter>
    </None>
    <None Include="Dependencies\inc\GLM\gtx\number_precision.inl">
      <Filter>Header Files</Filter>
    </None>
    <None Include="Dependencies\inc\GLM\gtx\ocl_type.inl">
      <Filter>Header Files</Filter>
    </None>
    <None Include="Dependencies\inc\GLM\gtx\optimum_pow.inl">
      <Filter>Header Files</Filter>
    </None>
    <None Include="Dependencies\inc\GLM\gtx\orthonormalize.inl">
      <Filter>Header Files</Filter>
    </None>
    <None Include="Dependencies\inc\GLM\gtx\perpendicular.inl">
      <Filter>Header Files</Filter>
    </None>
    <None Include="Dependencies\inc\GLM\gtx\polar_coordinates.inl">
      <Filter>Header Files</Filter>
    </None>
    <None Include="Dependencies\inc\GLM\gtx\projection.inl">
      <Filter>Header Files</Filter>
    </None>
    <None Include="Dependencies\inc\GLM\gtx\quaternion.inl">
      <Filter>Header Files</Filter>
    </None>
    <None Include="Dependencies\inc\GLM\gtx\random.inl">
      <Filter>Header Files</Filter>
    </None>
    <None Include="Dependencies\inc\GLM\gtx\raw_data.inl">
      <Filter>Header Files</Filter>
    </None>
    <None Include="Dependencies\inc\GLM\gtx\reciprocal.inl">
      <Filter>Header Files</Filter>
    </None>
    <None Include="Dependencies\inc\GLM\gtx\rotate_vector.inl">
      <Filter>Header Files</Filter>
    </None>
    <None Include="Dependencies\inc\GLM\gtx\simd_mat4.inl">
      <Filter>Header Files</Filter>
    </None>
    <None Include="Dependencies\inc\GLM\gtx\simd_vec4.inl">
      <Filter>Header Files</Filter>
    </None>
    <None Include="Dependencies\inc\GLM\gtx\spline.inl">
      <Filter>Header Files</Filter>
    </None>
    <None Include="Dependencies\inc\GLM\gtx\std_based_type.inl">
      <Filter>Header Files</Filter>
    </None>
    <None Include="Dependencies\inc\GLM\gtx\string_cast.inl">
      <Filter>Header Files</Filter>
    </None>
    <None Include="Dependencies\inc\GLM\gtx\transform.inl">
      <Filter>Header Files</Filter>
    </None>
    <None Include="Dependencies\inc\GLM\gtx\transform2.inl">
      <Filter>Header Files</Filter>
    </None>
    <None Include="Dependencies\inc\GLM\gtx\ulp.inl">
      <Filter>Header Files</Filter>
    </None>
    <None Include="Dependencies\inc\GLM\gtx\unsigned_int.inl">
      <Filter>Header Files</Filter>
    </None>
    <None Include="Dependencies\inc\GLM\gtx\vec1.inl">
      <Filter>Header Files</Filter>
    </None>
    <None Include="Dependencies\inc\GLM\gtx\vector_access.inl">
      <Filter>Header Files</Filter>
    </None>
    <None Include="Dependencies\inc\GLM\gtx\vector_angle.inl">
      <Filter>Header Files</Filter>
    </None>
    <None Include="Dependencies\inc\GLM\gtx\vector_query.inl">
      <Filter>Header Files</Filter>
    </None>
    <None Include="Dependencies\inc\GLM\gtx\verbose_operator.inl">
      <Filter>Header Files</Filter>
    </None>
    <None Include="Dependencies\inc\GLM\gtx\wrap.inl">
      <Filter>Header Files</Filter>
    </None>
  </ItemGroup>
  <ItemGroup>
    <Image Include="Textures\rockwall.png">
      <Filter>Resource Files</Filter>
    </Image>
    <Image Include="Textures\container.jpg">
      <Filter>Resource Files</Filter>
    </Image>
    <Image Include="Textures\awesomeface.png">
      <Filter>Resource Files</Filter>
    </Image>
    <Image Include="Textures\box.png">
      <Filter>Resource Files</Filter>
    </Image>
    <Image Include="Textures\box_specular.png">
      <Filter>Resource Files</Filter>
    </Image>
    <Image Include="Textures\box_specular2.png">
      <Filter>Resource Files</Filter>
    </Image>
    <Image Include="Textures\box2.png">
      <Filter>Resource Files</Filter>
    </Image>
    <Image Include="Textures\box_emission.png">
      <Filter>Resource Files</Filter>
    </Image>
    <Image Include="Resources\Geometry\SpaceShip\diffuse.jpg">
      <Filter>Resource Files</Filter>
    </Image>
    <Image Include="Resources\Geometry\SpaceShip\Intergalactic_Spaceship_nmap_2_Tris.jpg">
      <Filter>Resource Files</Filter>
    </Image>
    <Image Include="Resources\Geometry\SpaceShip\Intergalactic_Spaceship_rough.jpg">
      <Filter>Resource Files</Filter>
    </Image>
  </ItemGroup>
  <ItemGroup>
    <Text Include="Shaders\3.1.1.debug_quad.vert">
      <Filter>Shaders</Filter>
    </Text>
  </ItemGroup>
  <ItemGroup>
    <Library Include="Dependencies\lib\glfw3.lib" />
    <Library Include="Dependencies\lib\glfw3_mt.lib" />
    <Library Include="Dependencies\lib\glfw3dll.lib" />
  </ItemGroup>
</Project>