<?xml version="1.0" encoding="utf-8"?>
<Project ToolsVersion="4.0" xmlns="http://schemas.microsoft.com/developer/msbuild/2003">
  <ItemGroup>
    <Filter Include="Source Files">
      <UniqueIdentifier>{4FC737F1-C7A5-4376-A066-2A32D752A2FF}</UniqueIdentifier>
      <Extensions>cpp;c;cc;cxx;c++;cppm;ixx;def;odl;idl;hpj;bat;asm;asmx</Extensions>
    </Filter>
    <Filter Include="Header Files">
      <UniqueIdentifier>{93995380-89BD-4b04-88EB-625FBE52EBFB}</UniqueIdentifier>
      <Extensions>h;hh;hpp;hxx;h++;hm;inl;inc;ipp;xsd</Extensions>
    </Filter>
    <Filter Include="Resource Files">
      <UniqueIdentifier>{67DA6AB6-F800-4c08-8B7A-83BB121AAD01}</UniqueIdentifier>
      <Extensions>rc;ico;cur;bmp;dlg;rc2;rct;bin;rgs;gif;jpg;jpeg;jpe;resx;tiff;tif;png;wav;mfcribbon-ms</Extensions>
    </Filter>
  </ItemGroup>
  <ItemGroup>
    <ClCompile Include="main.cpp">
      <Filter>Source Files</Filter>
    </ClCompile>
    <ClCompile Include="ShooterGame.cpp">
      <Filter>Source Files</Filter>
    </ClCompile>
    <ClCompile Include="Scenes\GameScene.cpp">
      <Filter>Source Files</Filter>
    </ClCompile>
    <ClCompile Include="Entities\Player.cpp">
      <Filter>Source Files</Filter>
    </ClCompile>
    <ClCompile Include="Entities\Enemy.cpp">
      <Filter>Source Files</Filter>
    </ClCompile>
    <ClCompile Include="Entities\SkyBox.cpp">
      <Filter>Source Files</Filter>
    </ClCompile>
    <ClCompile Include="Components\ComponentShaderSkybox.cpp">
      <Filter>Source Files</Filter>
    </ClCompile>
    <ClCompile Include="Components\ComponentShaderDefault.cpp">
      <Filter>Source Files</Filter>
    </ClCompile>
    <ClCompile Include="Entities\ExpBarrel.cpp">
      <Filter>Source Files</Filter>
    </ClCompile>
    <ClCompile Include="GameCommands\MoveCamForwardCommand.cpp">
      <Filter>Source Files</Filter>
    </ClCompile>
    <ClCompile Include="Managers\GameInputManager.cpp">
      <Filter>Source Files</Filter>
    </ClCompile>
    <ClCompile Include="GameCommands\MoveCamBackCommand.cpp">
      <Filter>Source Files</Filter>
    </ClCompile>
    <ClCompile Include="GameCommands\MoveCamLeftCommand.cpp">
      <Filter>Source Files</Filter>
    </ClCompile>
    <ClCompile Include="GameCommands\MoveCamRightCommand.cpp">
      <Filter>Source Files</Filter>
    </ClCompile>
    <ClCompile Include="Components\ComponentShaderError.cpp">
      <Filter>Source Files</Filter>
    </ClCompile>
    <ClCompile Include="Components\ComponentShaderScanLines.cpp">
      <Filter>Source Files</Filter>
    </ClCompile>
    <ClCompile Include="GameCommands\RotateLeftCommand.cpp">
      <Filter>Source Files</Filter>
    </ClCompile>
    <ClCompile Include="GameCommands\RotateRightCommand.cpp">
      <Filter>Source Files</Filter>
    </ClCompile>
    <ClCompile Include="Entities\TestCube.cpp">
      <Filter>Source Files</Filter>
    </ClCompile>
    <ClCompile Include="GameCommands\MoveForwardCommand.cpp">
      <Filter>Source Files</Filter>
    </ClCompile>
    <ClCompile Include="GameCommands\MoveBackwardCommand.cpp">
      <Filter>Source Files</Filter>
    </ClCompile>
    <ClCompile Include="GameCommands\MoveLeftCommand.cpp">
      <Filter>Source Files</Filter>
    </ClCompile>
    <ClCompile Include="GameCommands\MoveRightCommand.cpp">
      <Filter>Source Files</Filter>
    </ClCompile>
  </ItemGroup>
  <ItemGroup>
    <ClInclude Include="main.h">
      <Filter>Header Files</Filter>
    </ClInclude>
    <ClInclude Include="ShooterGame.h">
      <Filter>Header Files</Filter>
    </ClInclude>
    <ClInclude Include="Scenes\GameScene.h">
      <Filter>Header Files</Filter>
    </ClInclude>
    <ClInclude Include="Entities\Player.h">
      <Filter>Header Files</Filter>
    </ClInclude>
    <ClInclude Include="Entities\Enemy.h">
      <Filter>Header Files</Filter>
    </ClInclude>
    <ClInclude Include="Entities\SkyBox.h">
      <Filter>Header Files</Filter>
    </ClInclude>
    <ClInclude Include="Components\ComponentShaderSkybox.h">
      <Filter>Header Files</Filter>
    </ClInclude>
    <ClInclude Include="Components\ComponentShaderDefault.h">
      <Filter>Header Files</Filter>
    </ClInclude>
    <ClInclude Include="Entities\ExpBarrel.h">
      <Filter>Header Files</Filter>
    </ClInclude>
    <ClInclude Include="GameCommands\MoveCamForwardCommand.h">
      <Filter>Header Files</Filter>
    </ClInclude>
    <ClInclude Include="Managers\GameInputManager.h">
      <Filter>Header Files</Filter>
    </ClInclude>
    <ClInclude Include="GameCommands\GameCommands.h">
      <Filter>Header Files</Filter>
    </ClInclude>
    <ClInclude Include="GameCommands\MoveCamBackCommand.h">
      <Filter>Header Files</Filter>
    </ClInclude>
    <ClInclude Include="GameCommands\MoveCamRightCommand.h">
      <Filter>Header Files</Filter>
    </ClInclude>
    <ClInclude Include="GameCommands\MoveCamLeftCommand.h">
      <Filter>Header Files</Filter>
    </ClInclude>
    <ClInclude Include="Components\ComponentShaderError.h">
      <Filter>Header Files</Filter>
    </ClInclude>
    <ClInclude Include="Components\ComponentShaderScanLines.h">
      <Filter>Header Files</Filter>
    </ClInclude>
    <ClInclude Include="GameCommands\RotateLeftCommand.h">
      <Filter>Header Files</Filter>
    </ClInclude>
    <ClInclude Include="GameCommands\RotateRightCommand.h">
      <Filter>Header Files</Filter>
    </ClInclude>
    <ClInclude Include="Entities\TestCube.h">
      <Filter>Header Files</Filter>
    </ClInclude>
    <ClInclude Include="GameCommands\MoveForwardCommand.h">
      <Filter>Header Files</Filter>
    </ClInclude>
    <ClInclude Include="GameCommands\MoveBackwardCommand.h">
      <Filter>Header Files</Filter>
    </ClInclude>
    <ClInclude Include="GameCommands\MoveLeftCommand.h">
      <Filter>Header Files</Filter>
    </ClInclude>
    <ClInclude Include="GameCommands\MoveRightCommand.h">
      <Filter>Header Files</Filter>
    </ClInclude>
  </ItemGroup>
  <ItemGroup>
    <None Include="Resources\Shaders\BulletLineShader.frag" />
    <None Include="Resources\Shaders\BulletLineShader.vert" />
    <None Include="Resources\Shaders\basicLight.frag" />
    <None Include="Resources\Shaders\basicLight.vert" />
    <None Include="Config\KeyCodeMap.csv" />
  </ItemGroup>
  <ItemGroup>
    <Text Include="Config\settings.toml" />
    <Text Include="steam_appid.txt" />
  </ItemGroup>
</Project>